// !$*UTF8*$!
{
	archiveVersion = 1;
	classes = {
	};
	objectVersion = 46;
	objects = {

/* Begin PBXBuildFile section */
		B52BD2C2175A31A400CBBB1D /* Options.cpp in Sources */ = {isa = PBXBuildFile; fileRef = B52BD2C0175A31A400CBBB1D /* Options.cpp */; };
		B5E913C61757EB07009A05E4 /* MissingNumberFinder.cpp in Sources */ = {isa = PBXBuildFile; fileRef = B5E913C41757EB07009A05E4 /* MissingNumberFinder.cpp */; };
		B5EBFAFD1756CA3A006CBCC8 /* main.cpp in Sources */ = {isa = PBXBuildFile; fileRef = B5EBFAFC1756CA3A006CBCC8 /* main.cpp */; };
		B5EBFB071756EFE9006CBCC8 /* RandomFileGenerator.cpp in Sources */ = {isa = PBXBuildFile; fileRef = B5EBFB051756EFE9006CBCC8 /* RandomFileGenerator.cpp */; };
/* End PBXBuildFile section */

/* Begin PBXCopyFilesBuildPhase section */
		B5EBFAF71756CA3A006CBCC8 /* CopyFiles */ = {
			isa = PBXCopyFilesBuildPhase;
			buildActionMask = 2147483647;
			dstPath = /usr/share/man/man1/;
			dstSubfolderSpec = 0;
			files = (
			);
			runOnlyForDeploymentPostprocessing = 1;
		};
/* End PBXCopyFilesBuildPhase section */

/* Begin PBXFileReference section */
		B52BD2C0175A31A400CBBB1D /* Options.cpp */ = {isa = PBXFileReference; fileEncoding = 4; lastKnownFileType = sourcecode.cpp.cpp; path = Options.cpp; sourceTree = "<group>"; };
		B52BD2C1175A31A400CBBB1D /* Options.h */ = {isa = PBXFileReference; fileEncoding = 4; lastKnownFileType = sourcecode.c.h; path = Options.h; sourceTree = "<group>"; };
		B52BD2C3175A5CCD00CBBB1D /* LICENSE */ = {isa = PBXFileReference; fileEncoding = 4; lastKnownFileType = text; path = LICENSE; sourceTree = "<group>"; };
		B5E913C41757EB07009A05E4 /* MissingNumberFinder.cpp */ = {isa = PBXFileReference; fileEncoding = 4; lastKnownFileType = sourcecode.cpp.cpp; path = MissingNumberFinder.cpp; sourceTree = "<group>"; };
		B5E913C51757EB07009A05E4 /* MissingNumberFinder.h */ = {isa = PBXFileReference; fileEncoding = 4; lastKnownFileType = sourcecode.c.h; path = MissingNumberFinder.h; sourceTree = "<group>"; };
		B5EBFAF91756CA3A006CBCC8 /* naichenator */ = {isa = PBXFileReference; explicitFileType = "compiled.mach-o.executable"; includeInIndex = 0; path = naichenator; sourceTree = BUILT_PRODUCTS_DIR; };
		B5EBFAFC1756CA3A006CBCC8 /* main.cpp */ = {isa = PBXFileReference; lastKnownFileType = sourcecode.cpp.cpp; path = main.cpp; sourceTree = "<group>"; };
		B5EBFB051756EFE9006CBCC8 /* RandomFileGenerator.cpp */ = {isa = PBXFileReference; fileEncoding = 4; lastKnownFileType = sourcecode.cpp.cpp; path = RandomFileGenerator.cpp; sourceTree = "<group>"; };
		B5EBFB061756EFE9006CBCC8 /* RandomFileGenerator.h */ = {isa = PBXFileReference; fileEncoding = 4; lastKnownFileType = sourcecode.c.h; path = RandomFileGenerator.h; sourceTree = "<group>"; };
/* End PBXFileReference section */

/* Begin PBXFrameworksBuildPhase section */
		B5EBFAF61756CA3A006CBCC8 /* Frameworks */ = {
			isa = PBXFrameworksBuildPhase;
			buildActionMask = 2147483647;
			files = (
			);
			runOnlyForDeploymentPostprocessing = 0;
		};
/* End PBXFrameworksBuildPhase section */

/* Begin PBXGroup section */
		B5EBFAF01756CA3A006CBCC8 = {
			isa = PBXGroup;
			children = (
				B5EBFAFB1756CA3A006CBCC8 /* naichenator */,
				B5EBFAFA1756CA3A006CBCC8 /* Products */,
			);
			sourceTree = "<group>";
		};
		B5EBFAFA1756CA3A006CBCC8 /* Products */ = {
			isa = PBXGroup;
			children = (
				B5EBFAF91756CA3A006CBCC8 /* naichenator */,
			);
			name = Products;
			sourceTree = "<group>";
		};
		B5EBFAFB1756CA3A006CBCC8 /* naichenator */ = {
			isa = PBXGroup;
			children = (
				B5EBFAFC1756CA3A006CBCC8 /* main.cpp */,
				B5EBFB051756EFE9006CBCC8 /* RandomFileGenerator.cpp */,
				B5EBFB061756EFE9006CBCC8 /* RandomFileGenerator.h */,
				B5E913C41757EB07009A05E4 /* MissingNumberFinder.cpp */,
				B5E913C51757EB07009A05E4 /* MissingNumberFinder.h */,
				B52BD2C0175A31A400CBBB1D /* Options.cpp */,
				B52BD2C1175A31A400CBBB1D /* Options.h */,
				B52BD2C3175A5CCD00CBBB1D /* LICENSE */,
			);
			path = naichenator;
			sourceTree = "<group>";
		};
/* End PBXGroup section */

/* Begin PBXNativeTarget section */
		B5EBFAF81756CA3A006CBCC8 /* naichenator */ = {
			isa = PBXNativeTarget;
			buildConfigurationList = B5EBFB021756CA3A006CBCC8 /* Build configuration list for PBXNativeTarget "naichenator" */;
			buildPhases = (
				B5EBFAF51756CA3A006CBCC8 /* Sources */,
				B5EBFAF61756CA3A006CBCC8 /* Frameworks */,
				B5EBFAF71756CA3A006CBCC8 /* CopyFiles */,
			);
			buildRules = (
			);
			dependencies = (
			);
			name = naichenator;
			productName = naichenator;
			productReference = B5EBFAF91756CA3A006CBCC8 /* naichenator */;
			productType = "com.apple.product-type.tool";
		};
/* End PBXNativeTarget section */

/* Begin PBXProject section */
		B5EBFAF11756CA3A006CBCC8 /* Project object */ = {
			isa = PBXProject;
			attributes = {
				LastUpgradeCheck = 0460;
				ORGANIZATIONNAME = "Ben La Monica";
			};
			buildConfigurationList = B5EBFAF41756CA3A006CBCC8 /* Build configuration list for PBXProject "naichenator" */;
			compatibilityVersion = "Xcode 3.2";
			developmentRegion = English;
			hasScannedForEncodings = 0;
			knownRegions = (
				en,
			);
			mainGroup = B5EBFAF01756CA3A006CBCC8;
			productRefGroup = B5EBFAFA1756CA3A006CBCC8 /* Products */;
			projectDirPath = "";
			projectRoot = "";
			targets = (
				B5EBFAF81756CA3A006CBCC8 /* naichenator */,
			);
		};
/* End PBXProject section */

/* Begin PBXSourcesBuildPhase section */
		B5EBFAF51756CA3A006CBCC8 /* Sources */ = {
			isa = PBXSourcesBuildPhase;
			buildActionMask = 2147483647;
			files = (
				B5EBFAFD1756CA3A006CBCC8 /* main.cpp in Sources */,
				B5EBFB071756EFE9006CBCC8 /* RandomFileGenerator.cpp in Sources */,
				B5E913C61757EB07009A05E4 /* MissingNumberFinder.cpp in Sources */,
				B52BD2C2175A31A400CBBB1D /* Options.cpp in Sources */,
			);
			runOnlyForDeploymentPostprocessing = 0;
		};
/* End PBXSourcesBuildPhase section */

/* Begin XCBuildConfiguration section */
		B5EBFB001756CA3A006CBCC8 /* Debug */ = {
			isa = XCBuildConfiguration;
			buildSettings = {
				ALWAYS_SEARCH_USER_PATHS = NO;
				ARCHS = "$(ARCHS_STANDARD_64_BIT)";
				CLANG_CXX_LANGUAGE_STANDARD = "gnu++0x";
				CLANG_CXX_LIBRARY = "libc++";
				CLANG_WARN_CONSTANT_CONVERSION = YES;
				CLANG_WARN_EMPTY_BODY = YES;
				CLANG_WARN_ENUM_CONVERSION = YES;
				CLANG_WARN_INT_CONVERSION = YES;
				CLANG_WARN__DUPLICATE_METHOD_MATCH = YES;
				COPY_PHASE_STRIP = NO;
				GCC_C_LANGUAGE_STANDARD = gnu99;
				GCC_DYNAMIC_NO_PIC = NO;
				GCC_ENABLE_OBJC_EXCEPTIONS = YES;
				GCC_OPTIMIZATION_LEVEL = 0;
				GCC_PREPROCESSOR_DEFINITIONS = (
					"DEBUG=1",
					"$(inherited)",
				);
				GCC_SYMBOLS_PRIVATE_EXTERN = NO;
				GCC_WARN_64_TO_32_BIT_CONVERSION = YES;
				GCC_WARN_ABOUT_RETURN_TYPE = YES;
				GCC_WARN_UNINITIALIZED_AUTOS = YES;
				GCC_WARN_UNUSED_VARIABLE = YES;
				MACOSX_DEPLOYMENT_TARGET = 10.8;
				ONLY_ACTIVE_ARCH = YES;
				SDKROOT = macosx;
			};
			name = Debug;
		};
		B5EBFB011756CA3A006CBCC8 /* Release */ = {
			isa = XCBuildConfiguration;
			buildSettings = {
				ALWAYS_SEARCH_USER_PATHS = NO;
				ARCHS = "$(ARCHS_STANDARD_64_BIT)";
				CLANG_CXX_LANGUAGE_STANDARD = "gnu++0x";
				CLANG_CXX_LIBRARY = "libc++";
				CLANG_WARN_CONSTANT_CONVERSION = YES;
				CLANG_WARN_EMPTY_BODY = YES;
				CLANG_WARN_ENUM_CONVERSION = YES;
				CLANG_WARN_INT_CONVERSION = YES;
				CLANG_WARN__DUPLICATE_METHOD_MATCH = YES;
				COPY_PHASE_STRIP = YES;
				DEBUG_INFORMATION_FORMAT = "dwarf-with-dsym";
				GCC_C_LANGUAGE_STANDARD = gnu99;
				GCC_ENABLE_OBJC_EXCEPTIONS = YES;
				GCC_WARN_64_TO_32_BIT_CONVERSION = YES;
				GCC_WARN_ABOUT_RETURN_TYPE = YES;
				GCC_WARN_UNINITIALIZED_AUTOS = YES;
				GCC_WARN_UNUSED_VARIABLE = YES;
				MACOSX_DEPLOYMENT_TARGET = 10.8;
				SDKROOT = macosx;
			};
			name = Release;
		};
		B5EBFB031756CA3A006CBCC8 /* Debug */ = {
			isa = XCBuildConfiguration;
			buildSettings = {
				PRODUCT_NAME = "$(TARGET_NAME)";
			};
			name = Debug;
		};
		B5EBFB041756CA3A006CBCC8 /* Release */ = {
			isa = XCBuildConfiguration;
			buildSettings = {
				PRODUCT_NAME = "$(TARGET_NAME)";
			};
			name = Release;
		};
/* End XCBuildConfiguration section */

/* Begin XCConfigurationList section */
		B5EBFAF41756CA3A006CBCC8 /* Build configuration list for PBXProject "naichenator" */ = {
			isa = XCConfigurationList;
			buildConfigurations = (
				B5EBFB001756CA3A006CBCC8 /* Debug */,
				B5EBFB011756CA3A006CBCC8 /* Release */,
			);
			defaultConfigurationIsVisible = 0;
			defaultConfigurationName = Release;
		};
		B5EBFB021756CA3A006CBCC8 /* Build configuration list for PBXNativeTarget "naichenator" */ = {
			isa = XCConfigurationList;
			buildConfigurations = (
				B5EBFB031756CA3A006CBCC8 /* Debug */,
				B5EBFB041756CA3A006CBCC8 /* Release */,
			);
			defaultConfigurationIsVisible = 0;
			defaultConfigurationName = Release;
		};
/* End XCConfigurationList section */
	};
	rootObject = B5EBFAF11756CA3A006CBCC8 /* Project object */;
}
